# This file is @generated by PDM.
# It is not intended for manual editing.

[metadata]
groups = ["default", "dev"]
strategy = ["inherit_metadata"]
lock_version = "4.5.0"
content_hash = "sha256:dd2d6b83129119b8ab9c9d758d6d77abda08cd78b702977347cf04a4f7efbce5"

[[metadata.targets]]
requires_python = ">=3.12"

[[package]]
name = "absl-py"
version = "2.1.0"
requires_python = ">=3.7"
summary = "Abseil Python Common Libraries, see https://github.com/abseil/abseil-py."
groups = ["default"]
files = [
    {file = "absl-py-2.1.0.tar.gz", hash = "sha256:7820790efbb316739cde8b4e19357243fc3608a152024288513dd968d7d959ff"},
    {file = "absl_py-2.1.0-py3-none-any.whl", hash = "sha256:526a04eadab8b4ee719ce68f204172ead1027549089702d99b9059f129ff1308"},
]

[[package]]
name = "asttokens"
version = "3.0.0"
requires_python = ">=3.8"
summary = "Annotate AST trees with source code positions"
groups = ["dev"]
files = [
    {file = "asttokens-3.0.0-py3-none-any.whl", hash = "sha256:e3078351a059199dd5138cb1c706e6430c05eff2ff136af5eb4790f9d28932e2"},
    {file = "asttokens-3.0.0.tar.gz", hash = "sha256:0dcd8baa8d62b0c1d118b399b2ddba3c4aff271d0d7a9e0d4c1681c79035bbc7"},
]

[[package]]
name = "attrs"
version = "24.2.0"
requires_python = ">=3.7"
summary = "Classes Without Boilerplate"
groups = ["dev"]
dependencies = [
    "importlib-metadata; python_version < \"3.8\"",
]
files = [
    {file = "attrs-24.2.0-py3-none-any.whl", hash = "sha256:81921eb96de3191c8258c199618104dd27ac608d9366f5e35d011eae1867ede2"},
    {file = "attrs-24.2.0.tar.gz", hash = "sha256:5cfb1b9148b5b086569baec03f20d7b6bf3bcacc9a42bebf87ffaaca362f6346"},
]

[[package]]
name = "colorama"
version = "0.4.6"
requires_python = "!=3.0.*,!=3.1.*,!=3.2.*,!=3.3.*,!=3.4.*,!=3.5.*,!=3.6.*,>=2.7"
summary = "Cross-platform colored terminal text."
groups = ["dev"]
marker = "sys_platform == \"win32\""
files = [
    {file = "colorama-0.4.6-py2.py3-none-any.whl", hash = "sha256:4f1d9991f5acc0ca119f9d443620b77f9d6b33703e51011c16baf57afb285fc6"},
    {file = "colorama-0.4.6.tar.gz", hash = "sha256:08695f5cb7ed6e0531a20572697297273c47b8cae5a63ffc6d6ed5c201be6e44"},
]

[[package]]
name = "cpmpy"
version = "0.9.23"
requires_python = ">=3.6"
summary = "A numpy-based library for modeling constraint programming problems"
groups = ["default"]
dependencies = [
    "numpy>=1.5",
    "ortools>=5.0",
]
files = [
    {file = "cpmpy-0.9.23-py3-none-any.whl", hash = "sha256:44cb5f8cf43fc8606a00a0d7c545d9a33eb1b46edc90fe047405b3a248f04cd2"},
    {file = "cpmpy-0.9.23.tar.gz", hash = "sha256:14c51b6a5c717596b033b68599e03b1d073bf7e8708e716317848552f74e9e22"},
]

[[package]]
name = "decorator"
version = "5.1.1"
requires_python = ">=3.5"
summary = "Decorators for Humans"
groups = ["dev"]
files = [
    {file = "decorator-5.1.1-py3-none-any.whl", hash = "sha256:b8c3f85900b9dc423225913c5aace94729fe1fa9763b38939a95226f02d37186"},
    {file = "decorator-5.1.1.tar.gz", hash = "sha256:637996211036b6385ef91435e4fae22989472f9d571faba8927ba8253acbc330"},
]

[[package]]
name = "executing"
version = "2.1.0"
requires_python = ">=3.8"
summary = "Get the currently executing AST node of a frame, and other information"
groups = ["dev"]
files = [
    {file = "executing-2.1.0-py2.py3-none-any.whl", hash = "sha256:8d63781349375b5ebccc3142f4b30350c0cd9c79f921cde38be2be4637e98eaf"},
    {file = "executing-2.1.0.tar.gz", hash = "sha256:8ea27ddd260da8150fa5a708269c4a10e76161e2496ec3e587da9e3c0fe4b9ab"},
]

[[package]]
name = "fancycompleter"
version = "0.9.1"
summary = "colorful TAB completion for Python prompt"
groups = ["dev"]
dependencies = [
    "pyreadline; platform_system == \"Windows\"",
    "pyrepl>=0.8.2",
]
files = [
    {file = "fancycompleter-0.9.1-py3-none-any.whl", hash = "sha256:dd076bca7d9d524cc7f25ec8f35ef95388ffef9ef46def4d3d25e9b044ad7080"},
    {file = "fancycompleter-0.9.1.tar.gz", hash = "sha256:09e0feb8ae242abdfd7ef2ba55069a46f011814a80fe5476be48f51b00247272"},
]

[[package]]
name = "immutabledict"
version = "4.2.1"
requires_python = ">=3.8"
summary = "Immutable wrapper around dictionaries (a fork of frozendict)"
groups = ["default"]
files = [
    {file = "immutabledict-4.2.1-py3-none-any.whl", hash = "sha256:c56a26ced38c236f79e74af3ccce53772827cef5c3bce7cab33ff2060f756373"},
    {file = "immutabledict-4.2.1.tar.gz", hash = "sha256:d91017248981c72eb66c8ff9834e99c2f53562346f23e7f51e7a5ebcf66a3bcc"},
]

[[package]]
name = "iniconfig"
version = "2.0.0"
requires_python = ">=3.7"
summary = "brain-dead simple config-ini parsing"
groups = ["dev"]
files = [
    {file = "iniconfig-2.0.0-py3-none-any.whl", hash = "sha256:b6a85871a79d2e3b22d2d1b94ac2824226a63c6b741c88f7ae975f18b6778374"},
    {file = "iniconfig-2.0.0.tar.gz", hash = "sha256:2d91e135bf72d31a410b17c16da610a82cb55f6b0477d1a902134b24a455b8b3"},
]

[[package]]
name = "ipython"
version = "8.30.0"
requires_python = ">=3.10"
summary = "IPython: Productive Interactive Computing"
groups = ["dev"]
dependencies = [
    "colorama; sys_platform == \"win32\"",
    "decorator",
    "exceptiongroup; python_version < \"3.11\"",
    "jedi>=0.16",
    "matplotlib-inline",
    "pexpect>4.3; sys_platform != \"win32\" and sys_platform != \"emscripten\"",
    "prompt-toolkit<3.1.0,>=3.0.41",
    "pygments>=2.4.0",
    "stack-data",
    "traitlets>=5.13.0",
    "typing-extensions>=4.6; python_version < \"3.12\"",
]
files = [
    {file = "ipython-8.30.0-py3-none-any.whl", hash = "sha256:85ec56a7e20f6c38fce7727dcca699ae4ffc85985aa7b23635a8008f918ae321"},
    {file = "ipython-8.30.0.tar.gz", hash = "sha256:cb0a405a306d2995a5cbb9901894d240784a9f341394c6ba3f4fe8c6eb89ff6e"},
]

[[package]]
name = "jedi"
version = "0.19.2"
requires_python = ">=3.6"
summary = "An autocompletion tool for Python that can be used for text editors."
groups = ["dev"]
dependencies = [
    "parso<0.9.0,>=0.8.4",
]
files = [
    {file = "jedi-0.19.2-py2.py3-none-any.whl", hash = "sha256:a8ef22bde8490f57fe5c7681a3c83cb58874daf72b4784de3cce5b6ef6edb5b9"},
    {file = "jedi-0.19.2.tar.gz", hash = "sha256:4770dc3de41bde3966b02eb84fbcf557fb33cce26ad23da12c742fb50ecb11f0"},
]

[[package]]
name = "matplotlib-inline"
version = "0.1.7"
requires_python = ">=3.8"
summary = "Inline Matplotlib backend for Jupyter"
groups = ["dev"]
dependencies = [
    "traitlets",
]
files = [
    {file = "matplotlib_inline-0.1.7-py3-none-any.whl", hash = "sha256:df192d39a4ff8f21b1895d72e6a13f5fcc5099f00fa84384e0ea28c2cc0653ca"},
    {file = "matplotlib_inline-0.1.7.tar.gz", hash = "sha256:8423b23ec666be3d16e16b60bdd8ac4e86e840ebd1dd11a30b9f117f2fa0ab90"},
]

[[package]]
name = "numpy"
version = "2.2.0"
requires_python = ">=3.10"
summary = "Fundamental package for array computing in Python"
groups = ["default"]
files = [
    {file = "numpy-2.2.0-cp312-cp312-macosx_10_13_x86_64.whl", hash = "sha256:cff210198bb4cae3f3c100444c5eaa573a823f05c253e7188e1362a5555235b3"},
    {file = "numpy-2.2.0-cp312-cp312-macosx_11_0_arm64.whl", hash = "sha256:58b92a5828bd4d9aa0952492b7de803135038de47343b2aa3cc23f3b71a3dc4e"},
    {file = "numpy-2.2.0-cp312-cp312-macosx_14_0_arm64.whl", hash = "sha256:ebe5e59545401fbb1b24da76f006ab19734ae71e703cdb4a8b347e84a0cece67"},
    {file = "numpy-2.2.0-cp312-cp312-macosx_14_0_x86_64.whl", hash = "sha256:e2b8cd48a9942ed3f85b95ca4105c45758438c7ed28fff1e4ce3e57c3b589d8e"},
    {file = "numpy-2.2.0-cp312-cp312-manylinux_2_17_aarch64.manylinux2014_aarch64.whl", hash = "sha256:57fcc997ffc0bef234b8875a54d4058afa92b0b0c4223fc1f62f24b3b5e86038"},
    {file = "numpy-2.2.0-cp312-cp312-manylinux_2_17_x86_64.manylinux2014_x86_64.whl", hash = "sha256:85ad7d11b309bd132d74397fcf2920933c9d1dc865487128f5c03d580f2c3d03"},
    {file = "numpy-2.2.0-cp312-cp312-musllinux_1_2_aarch64.whl", hash = "sha256:cb24cca1968b21355cc6f3da1a20cd1cebd8a023e3c5b09b432444617949085a"},
    {file = "numpy-2.2.0-cp312-cp312-musllinux_1_2_x86_64.whl", hash = "sha256:0798b138c291d792f8ea40fe3768610f3c7dd2574389e37c3f26573757c8f7ef"},
    {file = "numpy-2.2.0-cp312-cp312-win32.whl", hash = "sha256:afe8fb968743d40435c3827632fd36c5fbde633b0423da7692e426529b1759b1"},
    {file = "numpy-2.2.0-cp312-cp312-win_amd64.whl", hash = "sha256:3a4199f519e57d517ebd48cb76b36c82da0360781c6a0353e64c0cac30ecaad3"},
    {file = "numpy-2.2.0-cp313-cp313-macosx_10_13_x86_64.whl", hash = "sha256:f8c8b141ef9699ae777c6278b52c706b653bf15d135d302754f6b2e90eb30367"},
    {file = "numpy-2.2.0-cp313-cp313-macosx_11_0_arm64.whl", hash = "sha256:0f0986e917aca18f7a567b812ef7ca9391288e2acb7a4308aa9d265bd724bdae"},
    {file = "numpy-2.2.0-cp313-cp313-macosx_14_0_arm64.whl", hash = "sha256:1c92113619f7b272838b8d6702a7f8ebe5edea0df48166c47929611d0b4dea69"},
    {file = "numpy-2.2.0-cp313-cp313-macosx_14_0_x86_64.whl", hash = "sha256:5a145e956b374e72ad1dff82779177d4a3c62bc8248f41b80cb5122e68f22d13"},
    {file = "numpy-2.2.0-cp313-cp313-manylinux_2_17_aarch64.manylinux2014_aarch64.whl", hash = "sha256:18142b497d70a34b01642b9feabb70156311b326fdddd875a9981f34a369b671"},
    {file = "numpy-2.2.0-cp313-cp313-manylinux_2_17_x86_64.manylinux2014_x86_64.whl", hash = "sha256:a7d41d1612c1a82b64697e894b75db6758d4f21c3ec069d841e60ebe54b5b571"},
    {file = "numpy-2.2.0-cp313-cp313-musllinux_1_2_aarch64.whl", hash = "sha256:a98f6f20465e7618c83252c02041517bd2f7ea29be5378f09667a8f654a5918d"},
    {file = "numpy-2.2.0-cp313-cp313-musllinux_1_2_x86_64.whl", hash = "sha256:e09d40edfdb4e260cb1567d8ae770ccf3b8b7e9f0d9b5c2a9992696b30ce2742"},
    {file = "numpy-2.2.0-cp313-cp313-win32.whl", hash = "sha256:3905a5fffcc23e597ee4d9fb3fcd209bd658c352657548db7316e810ca80458e"},
    {file = "numpy-2.2.0-cp313-cp313-win_amd64.whl", hash = "sha256:a184288538e6ad699cbe6b24859206e38ce5fba28f3bcfa51c90d0502c1582b2"},
    {file = "numpy-2.2.0-cp313-cp313t-macosx_10_13_x86_64.whl", hash = "sha256:7832f9e8eb00be32f15fdfb9a981d6955ea9adc8574c521d48710171b6c55e95"},
    {file = "numpy-2.2.0-cp313-cp313t-macosx_11_0_arm64.whl", hash = "sha256:f0dd071b95bbca244f4cb7f70b77d2ff3aaaba7fa16dc41f58d14854a6204e6c"},
    {file = "numpy-2.2.0-cp313-cp313t-macosx_14_0_arm64.whl", hash = "sha256:b0b227dcff8cdc3efbce66d4e50891f04d0a387cce282fe1e66199146a6a8fca"},
    {file = "numpy-2.2.0-cp313-cp313t-macosx_14_0_x86_64.whl", hash = "sha256:6ab153263a7c5ccaf6dfe7e53447b74f77789f28ecb278c3b5d49db7ece10d6d"},
    {file = "numpy-2.2.0-cp313-cp313t-manylinux_2_17_aarch64.manylinux2014_aarch64.whl", hash = "sha256:e500aba968a48e9019e42c0c199b7ec0696a97fa69037bea163b55398e390529"},
    {file = "numpy-2.2.0-cp313-cp313t-manylinux_2_17_x86_64.manylinux2014_x86_64.whl", hash = "sha256:440cfb3db4c5029775803794f8638fbdbf71ec702caf32735f53b008e1eaece3"},
    {file = "numpy-2.2.0-cp313-cp313t-musllinux_1_2_aarch64.whl", hash = "sha256:a55dc7a7f0b6198b07ec0cd445fbb98b05234e8b00c5ac4874a63372ba98d4ab"},
    {file = "numpy-2.2.0-cp313-cp313t-musllinux_1_2_x86_64.whl", hash = "sha256:4bddbaa30d78c86329b26bd6aaaea06b1e47444da99eddac7bf1e2fab717bd72"},
    {file = "numpy-2.2.0-cp313-cp313t-win32.whl", hash = "sha256:30bf971c12e4365153afb31fc73f441d4da157153f3400b82db32d04de1e4066"},
    {file = "numpy-2.2.0-cp313-cp313t-win_amd64.whl", hash = "sha256:d35717333b39d1b6bb8433fa758a55f1081543de527171543a2b710551d40881"},
    {file = "numpy-2.2.0.tar.gz", hash = "sha256:140dd80ff8981a583a60980be1a655068f8adebf7a45a06a6858c873fcdcd4a0"},
]

[[package]]
name = "ortools"
version = "9.11.4210"
requires_python = ">=3.8"
summary = "Google OR-Tools python libraries and modules"
groups = ["default"]
dependencies = [
    "absl-py>=2.0.0",
    "immutabledict>=3.0.0",
    "numpy>=1.13.3",
    "pandas>=2.0.0",
    "protobuf<5.27,>=5.26.1",
]
files = [
    {file = "ortools-9.11.4210-cp312-cp312-macosx_10_15_x86_64.whl", hash = "sha256:079bea08c6341dcfe3fb9586eb6edec6ae80f4ed16ed366fd7a46ef4b5709009"},
    {file = "ortools-9.11.4210-cp312-cp312-macosx_11_0_arm64.whl", hash = "sha256:7f55124f9d1afa6434d0d6de07c6a4eb836f29b00b3413d27138634d5d79b606"},
    {file = "ortools-9.11.4210-cp312-cp312-manylinux_2_17_aarch64.manylinux2014_aarch64.whl", hash = "sha256:1f48e3d4053a169440608d881c1abd2a706db885d9b0af85bf45b444a1fec244"},
    {file = "ortools-9.11.4210-cp312-cp312-manylinux_2_17_x86_64.manylinux2014_x86_64.whl", hash = "sha256:03ecd32e5d760d48e59832ef6bf724f8cac95e4e40db72a7fb912abf7adcf931"},
    {file = "ortools-9.11.4210-cp312-cp312-win_amd64.whl", hash = "sha256:bc1b6e4cc0a121ef888481a99194765e6df72d4d3da81f928543171a2bac8cbb"},
]

[[package]]
name = "packaging"
version = "24.2"
requires_python = ">=3.8"
summary = "Core utilities for Python packages"
groups = ["dev"]
files = [
    {file = "packaging-24.2-py3-none-any.whl", hash = "sha256:09abb1bccd265c01f4a3aa3f7a7db064b36514d2cba19a2f694fe6150451a759"},
    {file = "packaging-24.2.tar.gz", hash = "sha256:c228a6dc5e932d346bc5739379109d49e8853dd8223571c7c5b55260edc0b97f"},
]

[[package]]
name = "pandas"
version = "2.2.3"
requires_python = ">=3.9"
summary = "Powerful data structures for data analysis, time series, and statistics"
groups = ["default"]
dependencies = [
    "numpy>=1.22.4; python_version < \"3.11\"",
    "numpy>=1.23.2; python_version == \"3.11\"",
    "numpy>=1.26.0; python_version >= \"3.12\"",
    "python-dateutil>=2.8.2",
    "pytz>=2020.1",
    "tzdata>=2022.7",
]
files = [
    {file = "pandas-2.2.3-cp312-cp312-macosx_10_9_x86_64.whl", hash = "sha256:b1d432e8d08679a40e2a6d8b2f9770a5c21793a6f9f47fdd52c5ce1948a5a8a9"},
    {file = "pandas-2.2.3-cp312-cp312-macosx_11_0_arm64.whl", hash = "sha256:a5a1595fe639f5988ba6a8e5bc9649af3baf26df3998a0abe56c02609392e0a4"},
    {file = "pandas-2.2.3-cp312-cp312-manylinux2014_aarch64.manylinux_2_17_aarch64.whl", hash = "sha256:5de54125a92bb4d1c051c0659e6fcb75256bf799a732a87184e5ea503965bce3"},
    {file = "pandas-2.2.3-cp312-cp312-manylinux_2_17_x86_64.manylinux2014_x86_64.whl", hash = "sha256:fffb8ae78d8af97f849404f21411c95062db1496aeb3e56f146f0355c9989319"},
    {file = "pandas-2.2.3-cp312-cp312-musllinux_1_2_aarch64.whl", hash = "sha256:6dfcb5ee8d4d50c06a51c2fffa6cff6272098ad6540aed1a76d15fb9318194d8"},
    {file = "pandas-2.2.3-cp312-cp312-musllinux_1_2_x86_64.whl", hash = "sha256:062309c1b9ea12a50e8ce661145c6aab431b1e99530d3cd60640e255778bd43a"},
    {file = "pandas-2.2.3-cp312-cp312-win_amd64.whl", hash = "sha256:59ef3764d0fe818125a5097d2ae867ca3fa64df032331b7e0917cf5d7bf66b13"},
    {file = "pandas-2.2.3-cp313-cp313-macosx_10_13_x86_64.whl", hash = "sha256:f00d1345d84d8c86a63e476bb4955e46458b304b9575dcf71102b5c705320015"},
    {file = "pandas-2.2.3-cp313-cp313-macosx_11_0_arm64.whl", hash = "sha256:3508d914817e153ad359d7e069d752cdd736a247c322d932eb89e6bc84217f28"},
    {file = "pandas-2.2.3-cp313-cp313-manylinux2014_aarch64.manylinux_2_17_aarch64.whl", hash = "sha256:22a9d949bfc9a502d320aa04e5d02feab689d61da4e7764b62c30b991c42c5f0"},
    {file = "pandas-2.2.3-cp313-cp313-manylinux_2_17_x86_64.manylinux2014_x86_64.whl", hash = "sha256:f3a255b2c19987fbbe62a9dfd6cff7ff2aa9ccab3fc75218fd4b7530f01efa24"},
    {file = "pandas-2.2.3-cp313-cp313-musllinux_1_2_aarch64.whl", hash = "sha256:800250ecdadb6d9c78eae4990da62743b857b470883fa27f652db8bdde7f6659"},
    {file = "pandas-2.2.3-cp313-cp313-musllinux_1_2_x86_64.whl", hash = "sha256:6374c452ff3ec675a8f46fd9ab25c4ad0ba590b71cf0656f8b6daa5202bca3fb"},
    {file = "pandas-2.2.3-cp313-cp313-win_amd64.whl", hash = "sha256:61c5ad4043f791b61dd4752191d9f07f0ae412515d59ba8f005832a532f8736d"},
    {file = "pandas-2.2.3-cp313-cp313t-macosx_10_13_x86_64.whl", hash = "sha256:3b71f27954685ee685317063bf13c7709a7ba74fc996b84fc6821c59b0f06468"},
    {file = "pandas-2.2.3-cp313-cp313t-macosx_11_0_arm64.whl", hash = "sha256:38cf8125c40dae9d5acc10fa66af8ea6fdf760b2714ee482ca691fc66e6fcb18"},
    {file = "pandas-2.2.3-cp313-cp313t-manylinux2014_aarch64.manylinux_2_17_aarch64.whl", hash = "sha256:ba96630bc17c875161df3818780af30e43be9b166ce51c9a18c1feae342906c2"},
    {file = "pandas-2.2.3-cp313-cp313t-manylinux_2_17_x86_64.manylinux2014_x86_64.whl", hash = "sha256:1db71525a1538b30142094edb9adc10be3f3e176748cd7acc2240c2f2e5aa3a4"},
    {file = "pandas-2.2.3-cp313-cp313t-musllinux_1_2_aarch64.whl", hash = "sha256:15c0e1e02e93116177d29ff83e8b1619c93ddc9c49083f237d4312337a61165d"},
    {file = "pandas-2.2.3-cp313-cp313t-musllinux_1_2_x86_64.whl", hash = "sha256:ad5b65698ab28ed8d7f18790a0dc58005c7629f227be9ecc1072aa74c0c1d43a"},
    {file = "pandas-2.2.3.tar.gz", hash = "sha256:4f18ba62b61d7e192368b84517265a99b4d7ee8912f8708660fb4a366cc82667"},
]

[[package]]
name = "parso"
version = "0.8.4"
requires_python = ">=3.6"
summary = "A Python Parser"
groups = ["dev"]
files = [
    {file = "parso-0.8.4-py2.py3-none-any.whl", hash = "sha256:a418670a20291dacd2dddc80c377c5c3791378ee1e8d12bffc35420643d43f18"},
    {file = "parso-0.8.4.tar.gz", hash = "sha256:eb3a7b58240fb99099a345571deecc0f9540ea5f4dd2fe14c2a99d6b281ab92d"},
]

[[package]]
name = "pdbpp"
version = "0.10.3"
summary = "pdb++, a drop-in replacement for pdb"
groups = ["dev"]
dependencies = [
    "fancycompleter>=0.8",
    "pygments",
    "wmctrl",
]
files = [
    {file = "pdbpp-0.10.3-py2.py3-none-any.whl", hash = "sha256:79580568e33eb3d6f6b462b1187f53e10cd8e4538f7d31495c9181e2cf9665d1"},
    {file = "pdbpp-0.10.3.tar.gz", hash = "sha256:d9e43f4fda388eeb365f2887f4e7b66ac09dce9b6236b76f63616530e2f669f5"},
]

[[package]]
name = "pexpect"
version = "4.9.0"
summary = "Pexpect allows easy control of interactive console applications."
groups = ["dev"]
marker = "sys_platform != \"win32\" and sys_platform != \"emscripten\""
dependencies = [
    "ptyprocess>=0.5",
]
files = [
    {file = "pexpect-4.9.0-py2.py3-none-any.whl", hash = "sha256:7236d1e080e4936be2dc3e326cec0af72acf9212a7e1d060210e70a47e253523"},
    {file = "pexpect-4.9.0.tar.gz", hash = "sha256:ee7d41123f3c9911050ea2c2dac107568dc43b2d3b0c7557a33212c398ead30f"},
]

[[package]]
name = "pluggy"
version = "1.5.0"
requires_python = ">=3.8"
summary = "plugin and hook calling mechanisms for python"
groups = ["dev"]
files = [
    {file = "pluggy-1.5.0-py3-none-any.whl", hash = "sha256:44e1ad92c8ca002de6377e165f3e0f1be63266ab4d554740532335b9d75ea669"},
    {file = "pluggy-1.5.0.tar.gz", hash = "sha256:2cffa88e94fdc978c4c574f15f9e59b7f4201d439195c3715ca9e2486f1d0cf1"},
]

[[package]]
name = "prompt-toolkit"
version = "3.0.48"
requires_python = ">=3.7.0"
summary = "Library for building powerful interactive command lines in Python"
groups = ["dev"]
dependencies = [
    "wcwidth",
]
files = [
    {file = "prompt_toolkit-3.0.48-py3-none-any.whl", hash = "sha256:f49a827f90062e411f1ce1f854f2aedb3c23353244f8108b89283587397ac10e"},
    {file = "prompt_toolkit-3.0.48.tar.gz", hash = "sha256:d6623ab0477a80df74e646bdbc93621143f5caf104206aa29294d53de1a03d90"},
]

[[package]]
name = "protobuf"
version = "5.26.1"
requires_python = ">=3.8"
summary = ""
groups = ["default"]
files = [
    {file = "protobuf-5.26.1-cp310-abi3-win32.whl", hash = "sha256:3c388ea6ddfe735f8cf69e3f7dc7611e73107b60bdfcf5d0f024c3ccd3794e23"},
    {file = "protobuf-5.26.1-cp310-abi3-win_amd64.whl", hash = "sha256:e6039957449cb918f331d32ffafa8eb9255769c96aa0560d9a5bf0b4e00a2a33"},
    {file = "protobuf-5.26.1-cp37-abi3-macosx_10_9_universal2.whl", hash = "sha256:38aa5f535721d5bb99861166c445c4105c4e285c765fbb2ac10f116e32dcd46d"},
    {file = "protobuf-5.26.1-cp37-abi3-manylinux2014_aarch64.whl", hash = "sha256:fbfe61e7ee8c1860855696e3ac6cfd1b01af5498facc6834fcc345c9684fb2ca"},
    {file = "protobuf-5.26.1-cp37-abi3-manylinux2014_x86_64.whl", hash = "sha256:f7417703f841167e5a27d48be13389d52ad705ec09eade63dfc3180a959215d7"},
    {file = "protobuf-5.26.1-py3-none-any.whl", hash = "sha256:da612f2720c0183417194eeaa2523215c4fcc1a1949772dc65f05047e08d5932"},
    {file = "protobuf-5.26.1.tar.gz", hash = "sha256:8ca2a1d97c290ec7b16e4e5dff2e5ae150cc1582f55b5ab300d45cb0dfa90e51"},
]

[[package]]
name = "ptyprocess"
version = "0.7.0"
summary = "Run a subprocess in a pseudo terminal"
groups = ["dev"]
marker = "sys_platform != \"win32\" and sys_platform != \"emscripten\""
files = [
    {file = "ptyprocess-0.7.0-py2.py3-none-any.whl", hash = "sha256:4b41f3967fce3af57cc7e94b888626c18bf37a083e3651ca8feeb66d492fef35"},
    {file = "ptyprocess-0.7.0.tar.gz", hash = "sha256:5c5d0a3b48ceee0b48485e0c26037c0acd7d29765ca3fbb5cb3831d347423220"},
]

[[package]]
name = "pure-eval"
version = "0.2.3"
summary = "Safely evaluate AST nodes without side effects"
groups = ["dev"]
files = [
    {file = "pure_eval-0.2.3-py3-none-any.whl", hash = "sha256:1db8e35b67b3d218d818ae653e27f06c3aa420901fa7b081ca98cbedc874e0d0"},
    {file = "pure_eval-0.2.3.tar.gz", hash = "sha256:5f4e983f40564c576c7c8635ae88db5956bb2229d7e9237d03b3c0b0190eaf42"},
]

[[package]]
name = "pygments"
version = "2.18.0"
requires_python = ">=3.8"
summary = "Pygments is a syntax highlighting package written in Python."
groups = ["dev"]
files = [
    {file = "pygments-2.18.0-py3-none-any.whl", hash = "sha256:b8e6aca0523f3ab76fee51799c488e38782ac06eafcf95e7ba832985c8e7b13a"},
    {file = "pygments-2.18.0.tar.gz", hash = "sha256:786ff802f32e91311bff3889f6e9a86e81505fe99f2735bb6d60ae0c5004f199"},
]

[[package]]
name = "pyreadline"
version = "2.1"
summary = "A python implmementation of GNU readline."
groups = ["dev"]
marker = "platform_system == \"Windows\""
files = [
    {file = "pyreadline-2.1.zip", hash = "sha256:4530592fc2e85b25b1a9f79664433da09237c1a270e4d78ea5aa3a2c7229e2d1"},
]

[[package]]
name = "pyrepl"
version = "0.9.0"
summary = "A library for building flexible command line interfaces"
groups = ["dev"]
files = [
    {file = "pyrepl-0.9.0.tar.gz", hash = "sha256:292570f34b5502e871bbb966d639474f2b57fbfcd3373c2d6a2f3d56e681a775"},
]

[[package]]
name = "pytest"
version = "8.3.4"
requires_python = ">=3.8"
summary = "pytest: simple powerful testing with Python"
groups = ["dev"]
dependencies = [
    "colorama; sys_platform == \"win32\"",
    "exceptiongroup>=1.0.0rc8; python_version < \"3.11\"",
    "iniconfig",
    "packaging",
    "pluggy<2,>=1.5",
    "tomli>=1; python_version < \"3.11\"",
]
files = [
    {file = "pytest-8.3.4-py3-none-any.whl", hash = "sha256:50e16d954148559c9a74109af1eaf0c945ba2d8f30f0a3d3335edde19788b6f6"},
    {file = "pytest-8.3.4.tar.gz", hash = "sha256:965370d062bce11e73868e0335abac31b4d3de0e82f4007408d242b4f8610761"},
]

[[package]]
name = "python-dateutil"
version = "2.9.0.post0"
requires_python = "!=3.0.*,!=3.1.*,!=3.2.*,>=2.7"
summary = "Extensions to the standard Python datetime module"
groups = ["default"]
dependencies = [
    "six>=1.5",
]
files = [
    {file = "python-dateutil-2.9.0.post0.tar.gz", hash = "sha256:37dd54208da7e1cd875388217d5e00ebd4179249f90fb72437e91a35459a0ad3"},
    {file = "python_dateutil-2.9.0.post0-py2.py3-none-any.whl", hash = "sha256:a8b2bc7bffae282281c8140a97d3aa9c14da0b136dfe83f850eea9a5f7470427"},
]

[[package]]
name = "pytz"
version = "2024.2"
summary = "World timezone definitions, modern and historical"
groups = ["default"]
files = [
    {file = "pytz-2024.2-py2.py3-none-any.whl", hash = "sha256:31c7c1817eb7fae7ca4b8c7ee50c72f93aa2dd863de768e1ef4245d426aa0725"},
    {file = "pytz-2024.2.tar.gz", hash = "sha256:2aa355083c50a0f93fa581709deac0c9ad65cca8a9e9beac660adcbd493c798a"},
]

[[package]]
name = "setuptools"
version = "75.6.0"
requires_python = ">=3.9"
summary = "Easily download, build, install, upgrade, and uninstall Python packages"
groups = ["dev"]
files = [
    {file = "setuptools-75.6.0-py3-none-any.whl", hash = "sha256:ce74b49e8f7110f9bf04883b730f4765b774ef3ef28f722cce7c273d253aaf7d"},
    {file = "setuptools-75.6.0.tar.gz", hash = "sha256:8199222558df7c86216af4f84c30e9b34a61d8ba19366cc914424cdbd28252f6"},
]

[[package]]
name = "six"
version = "1.17.0"
requires_python = "!=3.0.*,!=3.1.*,!=3.2.*,>=2.7"
summary = "Python 2 and 3 compatibility utilities"
groups = ["default"]
files = [
    {file = "six-1.17.0-py2.py3-none-any.whl", hash = "sha256:4721f391ed90541fddacab5acf947aa0d3dc7d27b2e1e8eda2be8970586c3274"},
    {file = "six-1.17.0.tar.gz", hash = "sha256:ff70335d468e7eb6ec65b95b99d3a2836546063f63acc5171de367e834932a81"},
]

[[package]]
name = "stack-data"
version = "0.6.3"
summary = "Extract data from python stack frames and tracebacks for informative displays"
groups = ["dev"]
dependencies = [
    "asttokens>=2.1.0",
    "executing>=1.2.0",
    "pure-eval",
]
files = [
    {file = "stack_data-0.6.3-py3-none-any.whl", hash = "sha256:d5558e0c25a4cb0853cddad3d77da9891a08cb85dd9f9f91b9f8cd66e511e695"},
    {file = "stack_data-0.6.3.tar.gz", hash = "sha256:836a778de4fec4dcd1dcd89ed8abff8a221f58308462e1c4aa2a3cf30148f0b9"},
]

[[package]]
name = "traitlets"
version = "5.14.3"
requires_python = ">=3.8"
summary = "Traitlets Python configuration system"
groups = ["dev"]
files = [
    {file = "traitlets-5.14.3-py3-none-any.whl", hash = "sha256:b74e89e397b1ed28cc831db7aea759ba6640cb3de13090ca145426688ff1ac4f"},
    {file = "traitlets-5.14.3.tar.gz", hash = "sha256:9ed0579d3502c94b4b3732ac120375cda96f923114522847de4b3bb98b96b6b7"},
]

[[package]]
name = "tzdata"
version = "2024.2"
requires_python = ">=2"
summary = "Provider of IANA time zone data"
groups = ["default"]
files = [
    {file = "tzdata-2024.2-py2.py3-none-any.whl", hash = "sha256:a48093786cdcde33cad18c2555e8532f34422074448fbc874186f0abd79565cd"},
    {file = "tzdata-2024.2.tar.gz", hash = "sha256:7d85cc416e9382e69095b7bdf4afd9e3880418a2413feec7069d533d6b4e31cc"},
]

[[package]]
name = "wcwidth"
version = "0.2.13"
summary = "Measures the displayed width of unicode strings in a terminal"
groups = ["dev"]
dependencies = [
    "backports-functools-lru-cache>=1.2.1; python_version < \"3.2\"",
]
files = [
    {file = "wcwidth-0.2.13-py2.py3-none-any.whl", hash = "sha256:3da69048e4540d84af32131829ff948f1e022c1c6bdb8d6102117aac784f6859"},
    {file = "wcwidth-0.2.13.tar.gz", hash = "sha256:72ea0c06399eb286d978fdedb6923a9eb47e1c486ce63e9b4e64fc18303972b5"},
]

[[package]]
name = "wmctrl"
version = "0.5"
requires_python = ">=2.7"
summary = "A tool to programmatically control windows inside X"
groups = ["dev"]
dependencies = [
    "attrs",
]
files = [
    {file = "wmctrl-0.5-py2.py3-none-any.whl", hash = "sha256:ae695c1863a314c899e7cf113f07c0da02a394b968c4772e1936219d9234ddd7"},
    {file = "wmctrl-0.5.tar.gz", hash = "sha256:7839a36b6fe9e2d6fd22304e5dc372dbced2116ba41283ea938b2da57f53e962"},
]
